
Microsoft Visual Studio Solution File, Format Version 12.00
# Visual Studio Version 17
VisualStudioVersion = 17.8.34227.203
MinimumVisualStudioVersion = 10.0.40219.1
Project("{9A19103F-16F7-4668-BE54-9A1E7A4F7556}") = "SRA_Zadacha1", "SRA_Zadacha1.csproj", "{DB522541-DD8B-4F14-A424-E63CFB661668}"
EndProject
Project("{9A19103F-16F7-4668-BE54-9A1E7A4F7556}") = "SRA_Zadacha2", "..\SRA_Zadacha2\SRA_Zadacha2.csproj", "{8C52BF73-C18C-4293-86BA-5000E704EA9B}"
EndProject
Project("{FAE04EC0-301F-11D3-BF4B-00C04F79EFBC}") = "SRA_Zadacha3", "..\SRA_Zadacha3\SRA_Zadacha3.csproj", "{1445477B-0EB2-488E-8275-9D07FB456F0C}"
EndProject
Project("{FAE04EC0-301F-11D3-BF4B-00C04F79EFBC}") = "SRA_Zadacha4", "..\SRA_Zadacha4\SRA_Zadacha4.csproj", "{D39BBDB9-8906-4E24-B448-4E78BC9E3107}"
EndProject
Project("{FAE04EC0-301F-11D3-BF4B-00C04F79EFBC}") = "SRA_Zadacha5", "..\SRA_Zadacha5\SRA_Zadacha5.csproj", "{23C73914-88C6-46E0-86FE-A3B5CA552125}"
EndProject
Project("{FAE04EC0-301F-11D3-BF4B-00C04F79EFBC}") = "SRA_Zadacha6", "..\SRA_Zadacha6\SRA_Zadacha6.csproj", "{7293E6EA-F6CC-4C88-A825-8873BF75E44E}"
EndProject
Project("{FAE04EC0-301F-11D3-BF4B-00C04F79EFBC}") = "SRA_Zadacha7", "..\SRA_Zadacha7\SRA_Zadacha7.csproj", "{00DC11EF-B291-44E3-9F09-CA9B2AE61C1C}"
EndProject
Project("{FAE04EC0-301F-11D3-BF4B-00C04F79EFBC}") = "SRA_Zadacha8", "..\SRA_Zadacha8\SRA_Zadacha8.csproj", "{D84F2F09-3B1E-4922-9ED2-0F02C138D49F}"
EndProject
Project("{FAE04EC0-301F-11D3-BF4B-00C04F79EFBC}") = "SRA_Zadacha9", "..\SRA_Zadacha9\SRA_Zadacha9.csproj", "{A2643C1A-A79D-43F3-9FF1-F6AEE8D6CABD}"
EndProject
Project("{FAE04EC0-301F-11D3-BF4B-00C04F79EFBC}") = "SRA_Zadacha10", "..\SRA_Zadacha10\SRA_Zadacha10.csproj", "{CD1DB949-D50C-413E-AE6F-1842E6763001}"
EndProject
Global
	GlobalSection(SolutionConfigurationPlatforms) = preSolution
		Debug|Any CPU = Debug|Any CPU
		Release|Any CPU = Release|Any CPU
	EndGlobalSection
	GlobalSection(ProjectConfigurationPlatforms) = postSolution
		{DB522541-DD8B-4F14-A424-E63CFB661668}.Debug|Any CPU.ActiveCfg = Debug|Any CPU
		{DB522541-DD8B-4F14-A424-E63CFB661668}.Debug|Any CPU.Build.0 = Debug|Any CPU
		{DB522541-DD8B-4F14-A424-E63CFB661668}.Release|Any CPU.ActiveCfg = Release|Any CPU
		{DB522541-DD8B-4F14-A424-E63CFB661668}.Release|Any CPU.Build.0 = Release|Any CPU
		{8C52BF73-C18C-4293-86BA-5000E704EA9B}.Debug|Any CPU.ActiveCfg = Debug|Any CPU
		{8C52BF73-C18C-4293-86BA-5000E704EA9B}.Debug|Any CPU.Build.0 = Debug|Any CPU
		{8C52BF73-C18C-4293-86BA-5000E704EA9B}.Release|Any CPU.ActiveCfg = Release|Any CPU
		{8C52BF73-C18C-4293-86BA-5000E704EA9B}.Release|Any CPU.Build.0 = Release|Any CPU
		{1445477B-0EB2-488E-8275-9D07FB456F0C}.Debug|Any CPU.ActiveCfg = Debug|Any CPU
		{1445477B-0EB2-488E-8275-9D07FB456F0C}.Debug|Any CPU.Build.0 = Debug|Any CPU
		{1445477B-0EB2-488E-8275-9D07FB456F0C}.Release|Any CPU.ActiveCfg = Release|Any CPU
		{1445477B-0EB2-488E-8275-9D07FB456F0C}.Release|Any CPU.Build.0 = Release|Any CPU
		{D39BBDB9-8906-4E24-B448-4E78BC9E3107}.Debug|Any CPU.ActiveCfg = Debug|Any CPU
		{D39BBDB9-8906-4E24-B448-4E78BC9E3107}.Debug|Any CPU.Build.0 = Debug|Any CPU
		{D39BBDB9-8906-4E24-B448-4E78BC9E3107}.Release|Any CPU.ActiveCfg = Release|Any CPU
		{D39BBDB9-8906-4E24-B448-4E78BC9E3107}.Release|Any CPU.Build.0 = Release|Any CPU
		{23C73914-88C6-46E0-86FE-A3B5CA552125}.Debug|Any CPU.ActiveCfg = Debug|Any CPU
		{23C73914-88C6-46E0-86FE-A3B5CA552125}.Debug|Any CPU.Build.0 = Debug|Any CPU
		{23C73914-88C6-46E0-86FE-A3B5CA552125}.Release|Any CPU.ActiveCfg = Release|Any CPU
		{23C73914-88C6-46E0-86FE-A3B5CA552125}.Release|Any CPU.Build.0 = Release|Any CPU
		{7293E6EA-F6CC-4C88-A825-8873BF75E44E}.Debug|Any CPU.ActiveCfg = Debug|Any CPU
		{7293E6EA-F6CC-4C88-A825-8873BF75E44E}.Debug|Any CPU.Build.0 = Debug|Any CPU
		{7293E6EA-F6CC-4C88-A825-8873BF75E44E}.Release|Any CPU.ActiveCfg = Release|Any CPU
		{7293E6EA-F6CC-4C88-A825-8873BF75E44E}.Release|Any CPU.Build.0 = Release|Any CPU
		{00DC11EF-B291-44E3-9F09-CA9B2AE61C1C}.Debug|Any CPU.ActiveCfg = Debug|Any CPU
		{00DC11EF-B291-44E3-9F09-CA9B2AE61C1C}.Debug|Any CPU.Build.0 = Debug|Any CPU
		{00DC11EF-B291-44E3-9F09-CA9B2AE61C1C}.Release|Any CPU.ActiveCfg = Release|Any CPU
		{00DC11EF-B291-44E3-9F09-CA9B2AE61C1C}.Release|Any CPU.Build.0 = Release|Any CPU
		{D84F2F09-3B1E-4922-9ED2-0F02C138D49F}.Debug|Any CPU.ActiveCfg = Debug|Any CPU
		{D84F2F09-3B1E-4922-9ED2-0F02C138D49F}.Debug|Any CPU.Build.0 = Debug|Any CPU
		{D84F2F09-3B1E-4922-9ED2-0F02C138D49F}.Release|Any CPU.ActiveCfg = Release|Any CPU
		{D84F2F09-3B1E-4922-9ED2-0F02C138D49F}.Release|Any CPU.Build.0 = Release|Any CPU
		{A2643C1A-A79D-43F3-9FF1-F6AEE8D6CABD}.Debug|Any CPU.ActiveCfg = Debug|Any CPU
		{A2643C1A-A79D-43F3-9FF1-F6AEE8D6CABD}.Debug|Any CPU.Build.0 = Debug|Any CPU
		{A2643C1A-A79D-43F3-9FF1-F6AEE8D6CABD}.Release|Any CPU.ActiveCfg = Release|Any CPU
		{A2643C1A-A79D-43F3-9FF1-F6AEE8D6CABD}.Release|Any CPU.Build.0 = Release|Any CPU
		{CD1DB949-D50C-413E-AE6F-1842E6763001}.Debug|Any CPU.ActiveCfg = Debug|Any CPU
		{CD1DB949-D50C-413E-AE6F-1842E6763001}.Debug|Any CPU.Build.0 = Debug|Any CPU
		{CD1DB949-D50C-413E-AE6F-1842E6763001}.Release|Any CPU.ActiveCfg = Release|Any CPU
		{CD1DB949-D50C-413E-AE6F-1842E6763001}.Release|Any CPU.Build.0 = Release|Any CPU
	EndGlobalSection
	GlobalSection(SolutionProperties) = preSolution
		HideSolutionNode = FALSE
	EndGlobalSection
	GlobalSection(ExtensibilityGlobals) = postSolution
		SolutionGuid = {C2BC5DCA-5105-474D-9698-52E6C0F235FA}
	EndGlobalSection
EndGlobal
